
Microsoft Visual Studio Solution File, Format Version 12.00
# Visual Studio Version 16
VisualStudioVersion = 16.0.29613.14
MinimumVisualStudioVersion = 10.0.40219.1
Project("{FAE04EC0-301F-11D3-BF4B-00C04F79EFBC}") = "EZChores", "EZChores.csproj", "{0D8BFB4D-3A72-4DCB-954B-C61D3AE4A9CB}"
EndProject
Global
	GlobalSection(SolutionConfigurationPlatforms) = preSolution
		Debug|Any CPU = Debug|Any CPU
		Release|Any CPU = Release|Any CPU
	EndGlobalSection
	GlobalSection(ProjectConfigurationPlatforms) = postSolution
		{0D8BFB4D-3A72-4DCB-954B-C61D3AE4A9CB}.Debug|Any CPU.ActiveCfg = Debug|Any CPU
		{0D8BFB4D-3A72-4DCB-954B-C61D3AE4A9CB}.Debug|Any CPU.Build.0 = Debug|Any CPU
		{0D8BFB4D-3A72-4DCB-954B-C61D3AE4A9CB}.Release|Any CPU.ActiveCfg = Release|Any CPU
		{0D8BFB4D-3A72-4DCB-954B-C61D3AE4A9CB}.Release|Any CPU.Build.0 = Release|Any CPU
	EndGlobalSection
	GlobalSection(SolutionProperties) = preSolution
		HideSolutionNode = FALSE
	EndGlobalSection
	GlobalSection(ExtensibilityGlobals) = postSolution
		SolutionGuid = {B17DE4B5-42F4-4047-8983-2D8B4E933029}
	EndGlobalSection
EndGlobal
